
Microsoft Visual Studio Solution File, Format Version 12.00
# Visual Studio 14
VisualStudioVersion = 14.0.24720.0
MinimumVisualStudioVersion = 10.0.40219.1
Project("{FAE04EC0-301F-11D3-BF4B-00C04F79EFBC}") = "IntroductionToCSharp", "IntroductionToCSharp\IntroductionToCSharp.csproj", "{1E075085-5738-4ED2-AF19-022608034D79}"
EndProject
Project("{FAE04EC0-301F-11D3-BF4B-00C04F79EFBC}") = "ADDCSharp", "ADDCSharp\ADDCSharp.csproj", "{BD1BE1CE-D77D-45BC-8C38-96B56149764E}"
EndProject
Project("{F184B08F-C81C-45F6-A57F-5ABD9991F28F}") = "ADDVb1", "ADDVb1\ADDVb1.vbproj", "{A38A2FDF-7871-48BE-8893-6BFBB0EC1B33}"
EndProject
Project("{FAE04EC0-301F-11D3-BF4B-00C04F79EFBC}") = "Loops-Conditions", "Session3\Loops-Conditions.csproj", "{8F20CB84-2761-40AA-A979-42E58FDEF3A1}"
EndProject
Project("{FAE04EC0-301F-11D3-BF4B-00C04F79EFBC}") = "Functions-TypesOfArguements", "Functions-TypesOfArguements\Functions-TypesOfArguements.csproj", "{0A783212-3F2C-4760-9686-31DC12A47488}"
EndProject
Project("{FAE04EC0-301F-11D3-BF4B-00C04F79EFBC}") = "Encapsulation-Constructers", "Encapsulation\Encapsulation-Constructers.csproj", "{8232411C-CB82-409B-8D90-6D78761432AA}"
EndProject
Project("{FAE04EC0-301F-11D3-BF4B-00C04F79EFBC}") = "StaticType-Bank", "StaticType-Bank\StaticType-Bank.csproj", "{184594A0-0252-4988-94D1-4B958E26B6B6}"
EndProject
Project("{FAE04EC0-301F-11D3-BF4B-00C04F79EFBC}") = "Inheritance", "Inheritance\Inheritance.csproj", "{87FF2CA5-FF2A-4307-8042-C5A67FCC9F2B}"
EndProject
Project("{FAE04EC0-301F-11D3-BF4B-00C04F79EFBC}") = "MiscTypes", "MiscTypes\MiscTypes.csproj", "{928FFC2C-A719-45FC-87DC-3B3CD565E600}"
EndProject
Project("{FAE04EC0-301F-11D3-BF4B-00C04F79EFBC}") = "Polymorphism", "Polymorphism\Polymorphism.csproj", "{0BA1E3BE-55DA-45B8-BBF9-9CC7CE8A45E9}"
EndProject
Project("{FAE04EC0-301F-11D3-BF4B-00C04F79EFBC}") = "AbstractTypes", "AbstractTypes\AbstractTypes.csproj", "{817B5287-8421-46F7-9935-B9DE871D6BD7}"
EndProject
Project("{FAE04EC0-301F-11D3-BF4B-00C04F79EFBC}") = "ExceptionHandling", "ExceptionHandling\ExceptionHandling.csproj", "{3802CA1A-30DB-4398-B7AE-55F40968E1F4}"
EndProject
Project("{2150E333-8FDC-42A3-9474-1A3956D46DE8}") = "CSharp", "CSharp", "{D95AD857-4C50-4AF2-B384-DF0BB959561D}"
EndProject
Project("{2150E333-8FDC-42A3-9474-1A3956D46DE8}") = "ASP.net", "ASP.net", "{B0DD4CFD-E513-47F8-8F1E-D9B720F5DB9D}"
EndProject
Project("{FAE04EC0-301F-11D3-BF4B-00C04F79EFBC}") = "Interfaces", "Interfaces\Interfaces.csproj", "{D590780B-9DFB-4D91-907F-ED4843FE49F1}"
EndProject
Project("{FAE04EC0-301F-11D3-BF4B-00C04F79EFBC}") = "Delegates", "Delegates\Delegates.csproj", "{9771BB03-B010-4790-BB03-CEE24CD328F8}"
EndProject
Project("{FAE04EC0-301F-11D3-BF4B-00C04F79EFBC}") = "Events", "Events\Events.csproj", "{08A801DD-76FA-4FCE-8F09-0ABD2F7329E8}"
EndProject
Project("{FAE04EC0-301F-11D3-BF4B-00C04F79EFBC}") = "EventClick-Button", "EventClick-Button\EventClick-Button.csproj", "{2DE2A527-C533-442B-845F-2EB7EAD777A6}"
EndProject
Project("{FAE04EC0-301F-11D3-BF4B-00C04F79EFBC}") = "WindowsFormsApplication1", "WindowsFormsApplication1\WindowsFormsApplication1.csproj", "{8AB4C4B6-0C6C-4993-89E5-624FFA8AE16D}"
EndProject
Project("{2150E333-8FDC-42A3-9474-1A3956D46DE8}") = "ADO.net", "ADO.net", "{E18EE0BF-48D1-45C4-B4B6-80D05542AC9A}"
EndProject
Project("{2150E333-8FDC-42A3-9474-1A3956D46DE8}") = "Connected", "Connected", "{D8856474-FFD2-4246-8ADF-D7BAA3657C37}"
EndProject
Project("{2150E333-8FDC-42A3-9474-1A3956D46DE8}") = "DisConnected", "DisConnected", "{57732A6F-4296-4A43-8B76-CB526B7A5008}"
EndProject
Project("{FAE04EC0-301F-11D3-BF4B-00C04F79EFBC}") = "ConsoleConnected", "ConsoleConnected\ConsoleConnected.csproj", "{69E9A6A5-4EF2-47F3-AC72-A6CFDADBB204}"
EndProject
Project("{FAE04EC0-301F-11D3-BF4B-00C04F79EFBC}") = "Session1", "Session1\Session1.csproj", "{D773B417-3580-45D1-8109-50ACE9ADEC94}"
EndProject
Project("{FAE04EC0-301F-11D3-BF4B-00C04F79EFBC}") = "WindowsFormsConnectted", "WindowsFormsConnectted\WindowsFormsConnectted.csproj", "{5CC9A7F9-4F50-4FAE-8B99-B8F9F0894CA4}"
EndProject
Project("{FAE04EC0-301F-11D3-BF4B-00C04F79EFBC}") = "WindowsFormStoredProc", "WindowsFormStoredProc\WindowsFormStoredProc.csproj", "{3F850DDB-4EBE-4F6D-AF09-EF4BF56BB8E4}"
EndProject
Project("{FAE04EC0-301F-11D3-BF4B-00C04F79EFBC}") = "WindowsFormsDisconnected", "WindowsFormsDisconnected\WindowsFormsDisconnected.csproj", "{E03C6A66-5FBE-40B9-8339-1717B8F63FAD}"
EndProject
Project("{FAE04EC0-301F-11D3-BF4B-00C04F79EFBC}") = "ViewState-SessionState-ApplicationState", "ViewState-SessionState-ApplicationState\ViewState-SessionState-ApplicationState.csproj", "{1E5908A5-3524-42B5-A417-93E3AC80A8C2}"
EndProject
Project("{FAE04EC0-301F-11D3-BF4B-00C04F79EFBC}") = "Experiment", "Experiment\Experiment.csproj", "{407301BE-256A-4647-BF50-4BEEE2D43813}"
EndProject
Global
	GlobalSection(SolutionConfigurationPlatforms) = preSolution
		Debug|Any CPU = Debug|Any CPU
		Release|Any CPU = Release|Any CPU
	EndGlobalSection
	GlobalSection(ProjectConfigurationPlatforms) = postSolution
		{1E075085-5738-4ED2-AF19-022608034D79}.Debug|Any CPU.ActiveCfg = Debug|Any CPU
		{1E075085-5738-4ED2-AF19-022608034D79}.Debug|Any CPU.Build.0 = Debug|Any CPU
		{1E075085-5738-4ED2-AF19-022608034D79}.Release|Any CPU.ActiveCfg = Release|Any CPU
		{1E075085-5738-4ED2-AF19-022608034D79}.Release|Any CPU.Build.0 = Release|Any CPU
		{BD1BE1CE-D77D-45BC-8C38-96B56149764E}.Debug|Any CPU.ActiveCfg = Debug|Any CPU
		{BD1BE1CE-D77D-45BC-8C38-96B56149764E}.Debug|Any CPU.Build.0 = Debug|Any CPU
		{BD1BE1CE-D77D-45BC-8C38-96B56149764E}.Release|Any CPU.ActiveCfg = Release|Any CPU
		{BD1BE1CE-D77D-45BC-8C38-96B56149764E}.Release|Any CPU.Build.0 = Release|Any CPU
		{A38A2FDF-7871-48BE-8893-6BFBB0EC1B33}.Debug|Any CPU.ActiveCfg = Debug|Any CPU
		{A38A2FDF-7871-48BE-8893-6BFBB0EC1B33}.Debug|Any CPU.Build.0 = Debug|Any CPU
		{A38A2FDF-7871-48BE-8893-6BFBB0EC1B33}.Release|Any CPU.ActiveCfg = Release|Any CPU
		{A38A2FDF-7871-48BE-8893-6BFBB0EC1B33}.Release|Any CPU.Build.0 = Release|Any CPU
		{8F20CB84-2761-40AA-A979-42E58FDEF3A1}.Debug|Any CPU.ActiveCfg = Debug|Any CPU
		{8F20CB84-2761-40AA-A979-42E58FDEF3A1}.Debug|Any CPU.Build.0 = Debug|Any CPU
		{8F20CB84-2761-40AA-A979-42E58FDEF3A1}.Release|Any CPU.ActiveCfg = Release|Any CPU
		{8F20CB84-2761-40AA-A979-42E58FDEF3A1}.Release|Any CPU.Build.0 = Release|Any CPU
		{0A783212-3F2C-4760-9686-31DC12A47488}.Debug|Any CPU.ActiveCfg = Debug|Any CPU
		{0A783212-3F2C-4760-9686-31DC12A47488}.Debug|Any CPU.Build.0 = Debug|Any CPU
		{0A783212-3F2C-4760-9686-31DC12A47488}.Release|Any CPU.ActiveCfg = Release|Any CPU
		{0A783212-3F2C-4760-9686-31DC12A47488}.Release|Any CPU.Build.0 = Release|Any CPU
		{8232411C-CB82-409B-8D90-6D78761432AA}.Debug|Any CPU.ActiveCfg = Debug|Any CPU
		{8232411C-CB82-409B-8D90-6D78761432AA}.Debug|Any CPU.Build.0 = Debug|Any CPU
		{8232411C-CB82-409B-8D90-6D78761432AA}.Release|Any CPU.ActiveCfg = Release|Any CPU
		{8232411C-CB82-409B-8D90-6D78761432AA}.Release|Any CPU.Build.0 = Release|Any CPU
		{184594A0-0252-4988-94D1-4B958E26B6B6}.Debug|Any CPU.ActiveCfg = Debug|Any CPU
		{184594A0-0252-4988-94D1-4B958E26B6B6}.Debug|Any CPU.Build.0 = Debug|Any CPU
		{184594A0-0252-4988-94D1-4B958E26B6B6}.Release|Any CPU.ActiveCfg = Release|Any CPU
		{184594A0-0252-4988-94D1-4B958E26B6B6}.Release|Any CPU.Build.0 = Release|Any CPU
		{87FF2CA5-FF2A-4307-8042-C5A67FCC9F2B}.Debug|Any CPU.ActiveCfg = Debug|Any CPU
		{87FF2CA5-FF2A-4307-8042-C5A67FCC9F2B}.Debug|Any CPU.Build.0 = Debug|Any CPU
		{87FF2CA5-FF2A-4307-8042-C5A67FCC9F2B}.Release|Any CPU.ActiveCfg = Release|Any CPU
		{87FF2CA5-FF2A-4307-8042-C5A67FCC9F2B}.Release|Any CPU.Build.0 = Release|Any CPU
		{928FFC2C-A719-45FC-87DC-3B3CD565E600}.Debug|Any CPU.ActiveCfg = Debug|Any CPU
		{928FFC2C-A719-45FC-87DC-3B3CD565E600}.Debug|Any CPU.Build.0 = Debug|Any CPU
		{928FFC2C-A719-45FC-87DC-3B3CD565E600}.Release|Any CPU.ActiveCfg = Release|Any CPU
		{928FFC2C-A719-45FC-87DC-3B3CD565E600}.Release|Any CPU.Build.0 = Release|Any CPU
		{0BA1E3BE-55DA-45B8-BBF9-9CC7CE8A45E9}.Debug|Any CPU.ActiveCfg = Debug|Any CPU
		{0BA1E3BE-55DA-45B8-BBF9-9CC7CE8A45E9}.Debug|Any CPU.Build.0 = Debug|Any CPU
		{0BA1E3BE-55DA-45B8-BBF9-9CC7CE8A45E9}.Release|Any CPU.ActiveCfg = Release|Any CPU
		{0BA1E3BE-55DA-45B8-BBF9-9CC7CE8A45E9}.Release|Any CPU.Build.0 = Release|Any CPU
		{817B5287-8421-46F7-9935-B9DE871D6BD7}.Debug|Any CPU.ActiveCfg = Debug|Any CPU
		{817B5287-8421-46F7-9935-B9DE871D6BD7}.Debug|Any CPU.Build.0 = Debug|Any CPU
		{817B5287-8421-46F7-9935-B9DE871D6BD7}.Release|Any CPU.ActiveCfg = Release|Any CPU
		{817B5287-8421-46F7-9935-B9DE871D6BD7}.Release|Any CPU.Build.0 = Release|Any CPU
		{3802CA1A-30DB-4398-B7AE-55F40968E1F4}.Debug|Any CPU.ActiveCfg = Debug|Any CPU
		{3802CA1A-30DB-4398-B7AE-55F40968E1F4}.Debug|Any CPU.Build.0 = Debug|Any CPU
		{3802CA1A-30DB-4398-B7AE-55F40968E1F4}.Release|Any CPU.ActiveCfg = Release|Any CPU
		{3802CA1A-30DB-4398-B7AE-55F40968E1F4}.Release|Any CPU.Build.0 = Release|Any CPU
		{D590780B-9DFB-4D91-907F-ED4843FE49F1}.Debug|Any CPU.ActiveCfg = Debug|Any CPU
		{D590780B-9DFB-4D91-907F-ED4843FE49F1}.Debug|Any CPU.Build.0 = Debug|Any CPU
		{D590780B-9DFB-4D91-907F-ED4843FE49F1}.Release|Any CPU.ActiveCfg = Release|Any CPU
		{D590780B-9DFB-4D91-907F-ED4843FE49F1}.Release|Any CPU.Build.0 = Release|Any CPU
		{9771BB03-B010-4790-BB03-CEE24CD328F8}.Debug|Any CPU.ActiveCfg = Debug|Any CPU
		{9771BB03-B010-4790-BB03-CEE24CD328F8}.Debug|Any CPU.Build.0 = Debug|Any CPU
		{9771BB03-B010-4790-BB03-CEE24CD328F8}.Release|Any CPU.ActiveCfg = Release|Any CPU
		{9771BB03-B010-4790-BB03-CEE24CD328F8}.Release|Any CPU.Build.0 = Release|Any CPU
		{08A801DD-76FA-4FCE-8F09-0ABD2F7329E8}.Debug|Any CPU.ActiveCfg = Debug|Any CPU
		{08A801DD-76FA-4FCE-8F09-0ABD2F7329E8}.Debug|Any CPU.Build.0 = Debug|Any CPU
		{08A801DD-76FA-4FCE-8F09-0ABD2F7329E8}.Release|Any CPU.ActiveCfg = Release|Any CPU
		{08A801DD-76FA-4FCE-8F09-0ABD2F7329E8}.Release|Any CPU.Build.0 = Release|Any CPU
		{2DE2A527-C533-442B-845F-2EB7EAD777A6}.Debug|Any CPU.ActiveCfg = Debug|Any CPU
		{2DE2A527-C533-442B-845F-2EB7EAD777A6}.Debug|Any CPU.Build.0 = Debug|Any CPU
		{2DE2A527-C533-442B-845F-2EB7EAD777A6}.Release|Any CPU.ActiveCfg = Release|Any CPU
		{2DE2A527-C533-442B-845F-2EB7EAD777A6}.Release|Any CPU.Build.0 = Release|Any CPU
		{8AB4C4B6-0C6C-4993-89E5-624FFA8AE16D}.Debug|Any CPU.ActiveCfg = Debug|Any CPU
		{8AB4C4B6-0C6C-4993-89E5-624FFA8AE16D}.Debug|Any CPU.Build.0 = Debug|Any CPU
		{8AB4C4B6-0C6C-4993-89E5-624FFA8AE16D}.Release|Any CPU.ActiveCfg = Release|Any CPU
		{8AB4C4B6-0C6C-4993-89E5-624FFA8AE16D}.Release|Any CPU.Build.0 = Release|Any CPU
		{69E9A6A5-4EF2-47F3-AC72-A6CFDADBB204}.Debug|Any CPU.ActiveCfg = Debug|Any CPU
		{69E9A6A5-4EF2-47F3-AC72-A6CFDADBB204}.Debug|Any CPU.Build.0 = Debug|Any CPU
		{69E9A6A5-4EF2-47F3-AC72-A6CFDADBB204}.Release|Any CPU.ActiveCfg = Release|Any CPU
		{69E9A6A5-4EF2-47F3-AC72-A6CFDADBB204}.Release|Any CPU.Build.0 = Release|Any CPU
		{D773B417-3580-45D1-8109-50ACE9ADEC94}.Debug|Any CPU.ActiveCfg = Debug|Any CPU
		{D773B417-3580-45D1-8109-50ACE9ADEC94}.Debug|Any CPU.Build.0 = Debug|Any CPU
		{D773B417-3580-45D1-8109-50ACE9ADEC94}.Release|Any CPU.ActiveCfg = Release|Any CPU
		{D773B417-3580-45D1-8109-50ACE9ADEC94}.Release|Any CPU.Build.0 = Release|Any CPU
		{5CC9A7F9-4F50-4FAE-8B99-B8F9F0894CA4}.Debug|Any CPU.ActiveCfg = Debug|Any CPU
		{5CC9A7F9-4F50-4FAE-8B99-B8F9F0894CA4}.Debug|Any CPU.Build.0 = Debug|Any CPU
		{5CC9A7F9-4F50-4FAE-8B99-B8F9F0894CA4}.Release|Any CPU.ActiveCfg = Release|Any CPU
		{5CC9A7F9-4F50-4FAE-8B99-B8F9F0894CA4}.Release|Any CPU.Build.0 = Release|Any CPU
		{3F850DDB-4EBE-4F6D-AF09-EF4BF56BB8E4}.Debug|Any CPU.ActiveCfg = Debug|Any CPU
		{3F850DDB-4EBE-4F6D-AF09-EF4BF56BB8E4}.Debug|Any CPU.Build.0 = Debug|Any CPU
		{3F850DDB-4EBE-4F6D-AF09-EF4BF56BB8E4}.Release|Any CPU.ActiveCfg = Release|Any CPU
		{3F850DDB-4EBE-4F6D-AF09-EF4BF56BB8E4}.Release|Any CPU.Build.0 = Release|Any CPU
		{E03C6A66-5FBE-40B9-8339-1717B8F63FAD}.Debug|Any CPU.ActiveCfg = Debug|Any CPU
		{E03C6A66-5FBE-40B9-8339-1717B8F63FAD}.Debug|Any CPU.Build.0 = Debug|Any CPU
		{E03C6A66-5FBE-40B9-8339-1717B8F63FAD}.Release|Any CPU.ActiveCfg = Release|Any CPU
		{E03C6A66-5FBE-40B9-8339-1717B8F63FAD}.Release|Any CPU.Build.0 = Release|Any CPU
		{1E5908A5-3524-42B5-A417-93E3AC80A8C2}.Debug|Any CPU.ActiveCfg = Debug|Any CPU
		{1E5908A5-3524-42B5-A417-93E3AC80A8C2}.Debug|Any CPU.Build.0 = Debug|Any CPU
		{1E5908A5-3524-42B5-A417-93E3AC80A8C2}.Release|Any CPU.ActiveCfg = Release|Any CPU
		{1E5908A5-3524-42B5-A417-93E3AC80A8C2}.Release|Any CPU.Build.0 = Release|Any CPU
		{407301BE-256A-4647-BF50-4BEEE2D43813}.Debug|Any CPU.ActiveCfg = Debug|Any CPU
		{407301BE-256A-4647-BF50-4BEEE2D43813}.Debug|Any CPU.Build.0 = Debug|Any CPU
		{407301BE-256A-4647-BF50-4BEEE2D43813}.Release|Any CPU.ActiveCfg = Release|Any CPU
		{407301BE-256A-4647-BF50-4BEEE2D43813}.Release|Any CPU.Build.0 = Release|Any CPU
	EndGlobalSection
	GlobalSection(SolutionProperties) = preSolution
		HideSolutionNode = FALSE
	EndGlobalSection
	GlobalSection(NestedProjects) = preSolution
		{1E075085-5738-4ED2-AF19-022608034D79} = {D95AD857-4C50-4AF2-B384-DF0BB959561D}
		{BD1BE1CE-D77D-45BC-8C38-96B56149764E} = {D95AD857-4C50-4AF2-B384-DF0BB959561D}
		{A38A2FDF-7871-48BE-8893-6BFBB0EC1B33} = {D95AD857-4C50-4AF2-B384-DF0BB959561D}
		{8F20CB84-2761-40AA-A979-42E58FDEF3A1} = {D95AD857-4C50-4AF2-B384-DF0BB959561D}
		{0A783212-3F2C-4760-9686-31DC12A47488} = {D95AD857-4C50-4AF2-B384-DF0BB959561D}
		{8232411C-CB82-409B-8D90-6D78761432AA} = {D95AD857-4C50-4AF2-B384-DF0BB959561D}
		{184594A0-0252-4988-94D1-4B958E26B6B6} = {D95AD857-4C50-4AF2-B384-DF0BB959561D}
		{87FF2CA5-FF2A-4307-8042-C5A67FCC9F2B} = {D95AD857-4C50-4AF2-B384-DF0BB959561D}
		{928FFC2C-A719-45FC-87DC-3B3CD565E600} = {D95AD857-4C50-4AF2-B384-DF0BB959561D}
		{0BA1E3BE-55DA-45B8-BBF9-9CC7CE8A45E9} = {D95AD857-4C50-4AF2-B384-DF0BB959561D}
		{817B5287-8421-46F7-9935-B9DE871D6BD7} = {D95AD857-4C50-4AF2-B384-DF0BB959561D}
		{3802CA1A-30DB-4398-B7AE-55F40968E1F4} = {D95AD857-4C50-4AF2-B384-DF0BB959561D}
		{D590780B-9DFB-4D91-907F-ED4843FE49F1} = {D95AD857-4C50-4AF2-B384-DF0BB959561D}
		{9771BB03-B010-4790-BB03-CEE24CD328F8} = {D95AD857-4C50-4AF2-B384-DF0BB959561D}
		{08A801DD-76FA-4FCE-8F09-0ABD2F7329E8} = {D95AD857-4C50-4AF2-B384-DF0BB959561D}
		{2DE2A527-C533-442B-845F-2EB7EAD777A6} = {D95AD857-4C50-4AF2-B384-DF0BB959561D}
		{8AB4C4B6-0C6C-4993-89E5-624FFA8AE16D} = {D95AD857-4C50-4AF2-B384-DF0BB959561D}
		{D8856474-FFD2-4246-8ADF-D7BAA3657C37} = {E18EE0BF-48D1-45C4-B4B6-80D05542AC9A}
		{57732A6F-4296-4A43-8B76-CB526B7A5008} = {E18EE0BF-48D1-45C4-B4B6-80D05542AC9A}
		{69E9A6A5-4EF2-47F3-AC72-A6CFDADBB204} = {D8856474-FFD2-4246-8ADF-D7BAA3657C37}
		{D773B417-3580-45D1-8109-50ACE9ADEC94} = {B0DD4CFD-E513-47F8-8F1E-D9B720F5DB9D}
		{5CC9A7F9-4F50-4FAE-8B99-B8F9F0894CA4} = {D8856474-FFD2-4246-8ADF-D7BAA3657C37}
		{3F850DDB-4EBE-4F6D-AF09-EF4BF56BB8E4} = {D8856474-FFD2-4246-8ADF-D7BAA3657C37}
		{E03C6A66-5FBE-40B9-8339-1717B8F63FAD} = {57732A6F-4296-4A43-8B76-CB526B7A5008}
		{1E5908A5-3524-42B5-A417-93E3AC80A8C2} = {B0DD4CFD-E513-47F8-8F1E-D9B720F5DB9D}
		{407301BE-256A-4647-BF50-4BEEE2D43813} = {B0DD4CFD-E513-47F8-8F1E-D9B720F5DB9D}
	EndGlobalSection
EndGlobal
